
Microsoft Visual Studio Solution File, Format Version 12.00
# Visual Studio Version 16
VisualStudioVersion = 16.0.30717.126
MinimumVisualStudioVersion = 10.0.40219.1
Project("{FAE04EC0-301F-11D3-BF4B-00C04F79EFBC}") = "MvcMovies", "MvcMovies.csproj", "{8E35AEA3-566E-4612-A330-8B19E8792DBB}"
EndProject
Global
	GlobalSection(SolutionConfigurationPlatforms) = preSolution
		Debug|Any CPU = Debug|Any CPU
		Release|Any CPU = Release|Any CPU
	EndGlobalSection
	GlobalSection(ProjectConfigurationPlatforms) = postSolution
		{8E35AEA3-566E-4612-A330-8B19E8792DBB}.Debug|Any CPU.ActiveCfg = Debug|Any CPU
		{8E35AEA3-566E-4612-A330-8B19E8792DBB}.Debug|Any CPU.Build.0 = Debug|Any CPU
		{8E35AEA3-566E-4612-A330-8B19E8792DBB}.Release|Any CPU.ActiveCfg = Release|Any CPU
		{8E35AEA3-566E-4612-A330-8B19E8792DBB}.Release|Any CPU.Build.0 = Release|Any CPU
	EndGlobalSection
	GlobalSection(SolutionProperties) = preSolution
		HideSolutionNode = FALSE
	EndGlobalSection
	GlobalSection(ExtensibilityGlobals) = postSolution
		SolutionGuid = {8D643D2A-D6F8-4939-A2C4-D267833A7F0E}
	EndGlobalSection
EndGlobal
